
Microsoft Visual Studio Solution File, Format Version 12.00
# Visual Studio 15
VisualStudioVersion = 15.0.28307.705
MinimumVisualStudioVersion = 10.0.40219.1
Project("{FAE04EC0-301F-11D3-BF4B-00C04F79EFBC}") = "WebApplication1", "WebApplication1\WebApplication1.csproj", "{689FBAF9-0365-4B58-A7C0-8D505153AD8D}"
EndProject
Global
	GlobalSection(SolutionConfigurationPlatforms) = preSolution
		Debug|Any CPU = Debug|Any CPU
		Release|Any CPU = Release|Any CPU
	EndGlobalSection
	GlobalSection(ProjectConfigurationPlatforms) = postSolution
		{689FBAF9-0365-4B58-A7C0-8D505153AD8D}.Debug|Any CPU.ActiveCfg = Debug|Any CPU
		{689FBAF9-0365-4B58-A7C0-8D505153AD8D}.Debug|Any CPU.Build.0 = Debug|Any CPU
		{689FBAF9-0365-4B58-A7C0-8D505153AD8D}.Release|Any CPU.ActiveCfg = Release|Any CPU
		{689FBAF9-0365-4B58-A7C0-8D505153AD8D}.Release|Any CPU.Build.0 = Release|Any CPU
	EndGlobalSection
	GlobalSection(SolutionProperties) = preSolution
		HideSolutionNode = FALSE
	EndGlobalSection
	GlobalSection(ExtensibilityGlobals) = postSolution
		SolutionGuid = {FB864D67-8DCD-40CA-B7C9-520C6576EEC4}
	EndGlobalSection
EndGlobal
